// !$*UTF8*$!
{
	archiveVersion = 1;
	classes = {
	};
	objectVersion = 55;
	objects = {

/* Begin PBXBuildFile section */
		100072BE287C98050021D774 /* PopularCollectionViewCell.swift in Sources */ = {isa = PBXBuildFile; fileRef = 100072BD287C98050021D774 /* PopularCollectionViewCell.swift */; };
		100072C0287C98500021D774 /* NowPlayingCollectionViewCell.swift in Sources */ = {isa = PBXBuildFile; fileRef = 100072BF287C98500021D774 /* NowPlayingCollectionViewCell.swift */; };
		100072C6287DEE470021D774 /* Movie.swift in Sources */ = {isa = PBXBuildFile; fileRef = 100072C5287DEE470021D774 /* Movie.swift */; };
		10C21E5F2873777B0066C494 /* AppDelegate.swift in Sources */ = {isa = PBXBuildFile; fileRef = 10C21E5E2873777B0066C494 /* AppDelegate.swift */; };
		10C21E612873777B0066C494 /* SceneDelegate.swift in Sources */ = {isa = PBXBuildFile; fileRef = 10C21E602873777B0066C494 /* SceneDelegate.swift */; };
		10C21E632873777B0066C494 /* FeaturedViewController.swift in Sources */ = {isa = PBXBuildFile; fileRef = 10C21E622873777B0066C494 /* FeaturedViewController.swift */; };
		10C21E662873777B0066C494 /* Main.storyboard in Resources */ = {isa = PBXBuildFile; fileRef = 10C21E642873777B0066C494 /* Main.storyboard */; };
		10C21E682873777E0066C494 /* Assets.xcassets in Resources */ = {isa = PBXBuildFile; fileRef = 10C21E672873777E0066C494 /* Assets.xcassets */; };
		10C21E6B2873777E0066C494 /* LaunchScreen.storyboard in Resources */ = {isa = PBXBuildFile; fileRef = 10C21E692873777E0066C494 /* LaunchScreen.storyboard */; };
		10FBB787287DF571007396B9 /* Movie+TrendingThisWeek.swift in Sources */ = {isa = PBXBuildFile; fileRef = 10FBB782287DF571007396B9 /* Movie+TrendingThisWeek.swift */; };
		10FBB788287DF571007396B9 /* Movie+Upcoming.swift in Sources */ = {isa = PBXBuildFile; fileRef = 10FBB783287DF571007396B9 /* Movie+Upcoming.swift */; };
		10FBB789287DF571007396B9 /* Movie+NowPlaying.swift in Sources */ = {isa = PBXBuildFile; fileRef = 10FBB784287DF571007396B9 /* Movie+NowPlaying.swift */; };
		10FBB78A287DF571007396B9 /* Movie+Popular.swift in Sources */ = {isa = PBXBuildFile; fileRef = 10FBB785287DF571007396B9 /* Movie+Popular.swift */; };
		10FBB78B287DF571007396B9 /* Movie+TrendingToday.swift in Sources */ = {isa = PBXBuildFile; fileRef = 10FBB786287DF571007396B9 /* Movie+TrendingToday.swift */; };
		10FBB78D287E1450007396B9 /* FeaturedViewController+UiCollectionViewDataSource.swift in Sources */ = {isa = PBXBuildFile; fileRef = 10FBB78C287E1450007396B9 /* FeaturedViewController+UiCollectionViewDataSource.swift */; };
/* End PBXBuildFile section */

/* Begin PBXFileReference section */
		100072BD287C98050021D774 /* PopularCollectionViewCell.swift */ = {isa = PBXFileReference; lastKnownFileType = sourcecode.swift; path = PopularCollectionViewCell.swift; sourceTree = "<group>"; };
		100072BF287C98500021D774 /* NowPlayingCollectionViewCell.swift */ = {isa = PBXFileReference; lastKnownFileType = sourcecode.swift; path = NowPlayingCollectionViewCell.swift; sourceTree = "<group>"; };
		100072C5287DEE470021D774 /* Movie.swift */ = {isa = PBXFileReference; lastKnownFileType = sourcecode.swift; path = Movie.swift; sourceTree = "<group>"; };
		10C21E5B2873777B0066C494 /* academyteste.app */ = {isa = PBXFileReference; explicitFileType = wrapper.application; includeInIndex = 0; path = academyteste.app; sourceTree = BUILT_PRODUCTS_DIR; };
		10C21E5E2873777B0066C494 /* AppDelegate.swift */ = {isa = PBXFileReference; lastKnownFileType = sourcecode.swift; path = AppDelegate.swift; sourceTree = "<group>"; };
		10C21E602873777B0066C494 /* SceneDelegate.swift */ = {isa = PBXFileReference; lastKnownFileType = sourcecode.swift; path = SceneDelegate.swift; sourceTree = "<group>"; };
		10C21E622873777B0066C494 /* FeaturedViewController.swift */ = {isa = PBXFileReference; lastKnownFileType = sourcecode.swift; path = FeaturedViewController.swift; sourceTree = "<group>"; };
		10C21E652873777B0066C494 /* Base */ = {isa = PBXFileReference; lastKnownFileType = file.storyboard; name = Base; path = Base.lproj/Main.storyboard; sourceTree = "<group>"; };
		10C21E672873777E0066C494 /* Assets.xcassets */ = {isa = PBXFileReference; lastKnownFileType = folder.assetcatalog; path = Assets.xcassets; sourceTree = "<group>"; };
		10C21E6A2873777E0066C494 /* Base */ = {isa = PBXFileReference; lastKnownFileType = file.storyboard; name = Base; path = Base.lproj/LaunchScreen.storyboard; sourceTree = "<group>"; };
		10C21E6C2873777E0066C494 /* Info.plist */ = {isa = PBXFileReference; lastKnownFileType = text.plist.xml; path = Info.plist; sourceTree = "<group>"; };
		10FBB782287DF571007396B9 /* Movie+TrendingThisWeek.swift */ = {isa = PBXFileReference; fileEncoding = 4; lastKnownFileType = sourcecode.swift; path = "Movie+TrendingThisWeek.swift"; sourceTree = "<group>"; };
		10FBB783287DF571007396B9 /* Movie+Upcoming.swift */ = {isa = PBXFileReference; fileEncoding = 4; lastKnownFileType = sourcecode.swift; path = "Movie+Upcoming.swift"; sourceTree = "<group>"; };
		10FBB784287DF571007396B9 /* Movie+NowPlaying.swift */ = {isa = PBXFileReference; fileEncoding = 4; lastKnownFileType = sourcecode.swift; path = "Movie+NowPlaying.swift"; sourceTree = "<group>"; };
		10FBB785287DF571007396B9 /* Movie+Popular.swift */ = {isa = PBXFileReference; fileEncoding = 4; lastKnownFileType = sourcecode.swift; path = "Movie+Popular.swift"; sourceTree = "<group>"; };
		10FBB786287DF571007396B9 /* Movie+TrendingToday.swift */ = {isa = PBXFileReference; fileEncoding = 4; lastKnownFileType = sourcecode.swift; path = "Movie+TrendingToday.swift"; sourceTree = "<group>"; };
		10FBB78C287E1450007396B9 /* FeaturedViewController+UiCollectionViewDataSource.swift */ = {isa = PBXFileReference; lastKnownFileType = sourcecode.swift; path = "FeaturedViewController+UiCollectionViewDataSource.swift"; sourceTree = "<group>"; };
/* End PBXFileReference section */

/* Begin PBXFrameworksBuildPhase section */
		10C21E582873777B0066C494 /* Frameworks */ = {
			isa = PBXFrameworksBuildPhase;
			buildActionMask = 2147483647;
			files = (
			);
			runOnlyForDeploymentPostprocessing = 0;
		};
/* End PBXFrameworksBuildPhase section */

/* Begin PBXGroup section */
		100072C1287C99350021D774 /* Controllers */ = {
			isa = PBXGroup;
			children = (
				10C21E622873777B0066C494 /* FeaturedViewController.swift */,
				10FBB78C287E1450007396B9 /* FeaturedViewController+UiCollectionViewDataSource.swift */,
			);
			path = Controllers;
			sourceTree = "<group>";
		};
		100072C2287C99F40021D774 /* View */ = {
			isa = PBXGroup;
			children = (
				10C21E642873777B0066C494 /* Main.storyboard */,
				10C21E692873777E0066C494 /* LaunchScreen.storyboard */,
				100072BD287C98050021D774 /* PopularCollectionViewCell.swift */,
				100072BF287C98500021D774 /* NowPlayingCollectionViewCell.swift */,
			);
			path = View;
			sourceTree = "<group>";
		};
		100072C3287C9E0D0021D774 /* SupportingFiles */ = {
			isa = PBXGroup;
			children = (
				10C21E672873777E0066C494 /* Assets.xcassets */,
				10C21E6C2873777E0066C494 /* Info.plist */,
			);
			name = SupportingFiles;
			sourceTree = "<group>";
		};
		100072C4287DEDF20021D774 /* Model */ = {
			isa = PBXGroup;
			children = (
				10FBB784287DF571007396B9 /* Movie+NowPlaying.swift */,
				10FBB785287DF571007396B9 /* Movie+Popular.swift */,
				10FBB782287DF571007396B9 /* Movie+TrendingThisWeek.swift */,
				10FBB786287DF571007396B9 /* Movie+TrendingToday.swift */,
				10FBB783287DF571007396B9 /* Movie+Upcoming.swift */,
				100072C5287DEE470021D774 /* Movie.swift */,
			);
			path = Model;
			sourceTree = "<group>";
		};
		10C21E522873777B0066C494 = {
			isa = PBXGroup;
			children = (
				10C21E5D2873777B0066C494 /* academyteste */,
				10C21E5C2873777B0066C494 /* Products */,
			);
			sourceTree = "<group>";
		};
		10C21E5C2873777B0066C494 /* Products */ = {
			isa = PBXGroup;
			children = (
				10C21E5B2873777B0066C494 /* academyteste.app */,
			);
			name = Products;
			sourceTree = "<group>";
		};
		10C21E5D2873777B0066C494 /* academyteste */ = {
			isa = PBXGroup;
			children = (
				10C21E5E2873777B0066C494 /* AppDelegate.swift */,
				10C21E602873777B0066C494 /* SceneDelegate.swift */,
				100072C1287C99350021D774 /* Controllers */,
				100072C4287DEDF20021D774 /* Model */,
				100072C2287C99F40021D774 /* View */,
				100072C3287C9E0D0021D774 /* SupportingFiles */,
			);
			path = academyteste;
			sourceTree = "<group>";
		};
/* End PBXGroup section */

/* Begin PBXNativeTarget section */
		10C21E5A2873777B0066C494 /* academyteste */ = {
			isa = PBXNativeTarget;
			buildConfigurationList = 10C21E6F2873777E0066C494 /* Build configuration list for PBXNativeTarget "academyteste" */;
			buildPhases = (
				10C21E572873777B0066C494 /* Sources */,
				10C21E582873777B0066C494 /* Frameworks */,
				10C21E592873777B0066C494 /* Resources */,
			);
			buildRules = (
			);
			dependencies = (
			);
			name = academyteste;
			productName = academyteste;
			productReference = 10C21E5B2873777B0066C494 /* academyteste.app */;
			productType = "com.apple.product-type.application";
		};
/* End PBXNativeTarget section */

/* Begin PBXProject section */
		10C21E532873777B0066C494 /* Project object */ = {
			isa = PBXProject;
			attributes = {
				BuildIndependentTargetsInParallel = 1;
				LastSwiftUpdateCheck = 1320;
				LastUpgradeCheck = 1320;
				TargetAttributes = {
					10C21E5A2873777B0066C494 = {
						CreatedOnToolsVersion = 13.2.1;
					};
				};
			};
			buildConfigurationList = 10C21E562873777B0066C494 /* Build configuration list for PBXProject "academyteste" */;
			compatibilityVersion = "Xcode 13.0";
			developmentRegion = en;
			hasScannedForEncodings = 0;
			knownRegions = (
				en,
				Base,
			);
			mainGroup = 10C21E522873777B0066C494;
			productRefGroup = 10C21E5C2873777B0066C494 /* Products */;
			projectDirPath = "";
			projectRoot = "";
			targets = (
				10C21E5A2873777B0066C494 /* academyteste */,
			);
		};
/* End PBXProject section */

/* Begin PBXResourcesBuildPhase section */
		10C21E592873777B0066C494 /* Resources */ = {
			isa = PBXResourcesBuildPhase;
			buildActionMask = 2147483647;
			files = (
				10C21E6B2873777E0066C494 /* LaunchScreen.storyboard in Resources */,
				10C21E682873777E0066C494 /* Assets.xcassets in Resources */,
				10C21E662873777B0066C494 /* Main.storyboard in Resources */,
			);
			runOnlyForDeploymentPostprocessing = 0;
		};
/* End PBXResourcesBuildPhase section */

/* Begin PBXSourcesBuildPhase section */
		10C21E572873777B0066C494 /* Sources */ = {
			isa = PBXSourcesBuildPhase;
			buildActionMask = 2147483647;
			files = (
				100072C0287C98500021D774 /* NowPlayingCollectionViewCell.swift in Sources */,
				10FBB789287DF571007396B9 /* Movie+NowPlaying.swift in Sources */,
				10FBB78B287DF571007396B9 /* Movie+TrendingToday.swift in Sources */,
				100072BE287C98050021D774 /* PopularCollectionViewCell.swift in Sources */,
				100072C6287DEE470021D774 /* Movie.swift in Sources */,
				10FBB787287DF571007396B9 /* Movie+TrendingThisWeek.swift in Sources */,
				10FBB788287DF571007396B9 /* Movie+Upcoming.swift in Sources */,
				10FBB78A287DF571007396B9 /* Movie+Popular.swift in Sources */,
				10FBB78D287E1450007396B9 /* FeaturedViewController+UiCollectionViewDataSource.swift in Sources */,
				10C21E632873777B0066C494 /* FeaturedViewController.swift in Sources */,
				10C21E5F2873777B0066C494 /* AppDelegate.swift in Sources */,
				10C21E612873777B0066C494 /* SceneDelegate.swift in Sources */,
			);
			runOnlyForDeploymentPostprocessing = 0;
		};
/* End PBXSourcesBuildPhase section */

/* Begin PBXVariantGroup section */
		10C21E642873777B0066C494 /* Main.storyboard */ = {
			isa = PBXVariantGroup;
			children = (
				10C21E652873777B0066C494 /* Base */,
			);
			name = Main.storyboard;
			sourceTree = "<group>";
		};
		10C21E692873777E0066C494 /* LaunchScreen.storyboard */ = {
			isa = PBXVariantGroup;
			children = (
				10C21E6A2873777E0066C494 /* Base */,
			);
			name = LaunchScreen.storyboard;
			sourceTree = "<group>";
		};
/* End PBXVariantGroup section */

/* Begin XCBuildConfiguration section */
		10C21E6D2873777E0066C494 /* Debug */ = {
			isa = XCBuildConfiguration;
			buildSettings = {
				ALWAYS_SEARCH_USER_PATHS = NO;
				CLANG_ANALYZER_NONNULL = YES;
				CLANG_ANALYZER_NUMBER_OBJECT_CONVERSION = YES_AGGRESSIVE;
				CLANG_CXX_LANGUAGE_STANDARD = "gnu++17";
				CLANG_CXX_LIBRARY = "libc++";
				CLANG_ENABLE_MODULES = YES;
				CLANG_ENABLE_OBJC_ARC = YES;
				CLANG_ENABLE_OBJC_WEAK = YES;
				CLANG_WARN_BLOCK_CAPTURE_AUTORELEASING = YES;
				CLANG_WARN_BOOL_CONVERSION = YES;
				CLANG_WARN_COMMA = YES;
				CLANG_WARN_CONSTANT_CONVERSION = YES;
				CLANG_WARN_DEPRECATED_OBJC_IMPLEMENTATIONS = YES;
				CLANG_WARN_DIRECT_OBJC_ISA_USAGE = YES_ERROR;
				CLANG_WARN_DOCUMENTATION_COMMENTS = YES;
				CLANG_WARN_EMPTY_BODY = YES;
				CLANG_WARN_ENUM_CONVERSION = YES;
				CLANG_WARN_INFINITE_RECURSION = YES;
				CLANG_WARN_INT_CONVERSION = YES;
				CLANG_WARN_NON_LITERAL_NULL_CONVERSION = YES;
				CLANG_WARN_OBJC_IMPLICIT_RETAIN_SELF = YES;
				CLANG_WARN_OBJC_LITERAL_CONVERSION = YES;
				CLANG_WARN_OBJC_ROOT_CLASS = YES_ERROR;
				CLANG_WARN_QUOTED_INCLUDE_IN_FRAMEWORK_HEADER = YES;
				CLANG_WARN_RANGE_LOOP_ANALYSIS = YES;
				CLANG_WARN_STRICT_PROTOTYPES = YES;
				CLANG_WARN_SUSPICIOUS_MOVE = YES;
				CLANG_WARN_UNGUARDED_AVAILABILITY = YES_AGGRESSIVE;
				CLANG_WARN_UNREACHABLE_CODE = YES;
				CLANG_WARN__DUPLICATE_METHOD_MATCH = YES;
				COPY_PHASE_STRIP = NO;
				DEBUG_INFORMATION_FORMAT = dwarf;
				ENABLE_STRICT_OBJC_MSGSEND = YES;
				ENABLE_TESTABILITY = YES;
				GCC_C_LANGUAGE_STANDARD = gnu11;
				GCC_DYNAMIC_NO_PIC = NO;
				GCC_NO_COMMON_BLOCKS = YES;
				GCC_OPTIMIZATION_LEVEL = 0;
				GCC_PREPROCESSOR_DEFINITIONS = (
					"DEBUG=1",
					"$(inherited)",
				);
				GCC_WARN_64_TO_32_BIT_CONVERSION = YES;
				GCC_WARN_ABOUT_RETURN_TYPE = YES_ERROR;
				GCC_WARN_UNDECLARED_SELECTOR = YES;
				GCC_WARN_UNINITIALIZED_AUTOS = YES_AGGRESSIVE;
				GCC_WARN_UNUSED_FUNCTION = YES;
				GCC_WARN_UNUSED_VARIABLE = YES;
				IPHONEOS_DEPLOYMENT_TARGET = 15.2;
				MTL_ENABLE_DEBUG_INFO = INCLUDE_SOURCE;
				MTL_FAST_MATH = YES;
				ONLY_ACTIVE_ARCH = YES;
				SDKROOT = iphoneos;
				SWIFT_ACTIVE_COMPILATION_CONDITIONS = DEBUG;
				SWIFT_OPTIMIZATION_LEVEL = "-Onone";
			};
			name = Debug;
		};
		10C21E6E2873777E0066C494 /* Release */ = {
			isa = XCBuildConfiguration;
			buildSettings = {
				ALWAYS_SEARCH_USER_PATHS = NO;
				CLANG_ANALYZER_NONNULL = YES;
				CLANG_ANALYZER_NUMBER_OBJECT_CONVERSION = YES_AGGRESSIVE;
				CLANG_CXX_LANGUAGE_STANDARD = "gnu++17";
				CLANG_CXX_LIBRARY = "libc++";
				CLANG_ENABLE_MODULES = YES;
				CLANG_ENABLE_OBJC_ARC = YES;
				CLANG_ENABLE_OBJC_WEAK = YES;
				CLANG_WARN_BLOCK_CAPTURE_AUTORELEASING = YES;
				CLANG_WARN_BOOL_CONVERSION = YES;
				CLANG_WARN_COMMA = YES;
				CLANG_WARN_CONSTANT_CONVERSION = YES;
				CLANG_WARN_DEPRECATED_OBJC_IMPLEMENTATIONS = YES;
				CLANG_WARN_DIRECT_OBJC_ISA_USAGE = YES_ERROR;
				CLANG_WARN_DOCUMENTATION_COMMENTS = YES;
				CLANG_WARN_EMPTY_BODY = YES;
				CLANG_WARN_ENUM_CONVERSION = YES;
				CLANG_WARN_INFINITE_RECURSION = YES;
				CLANG_WARN_INT_CONVERSION = YES;
				CLANG_WARN_NON_LITERAL_NULL_CONVERSION = YES;
				CLANG_WARN_OBJC_IMPLICIT_RETAIN_SELF = YES;
				CLANG_WARN_OBJC_LITERAL_CONVERSION = YES;
				CLANG_WARN_OBJC_ROOT_CLASS = YES_ERROR;
				CLANG_WARN_QUOTED_INCLUDE_IN_FRAMEWORK_HEADER = YES;
				CLANG_WARN_RANGE_LOOP_ANALYSIS = YES;
				CLANG_WARN_STRICT_PROTOTYPES = YES;
				CLANG_WARN_SUSPICIOUS_MOVE = YES;
				CLANG_WARN_UNGUARDED_AVAILABILITY = YES_AGGRESSIVE;
				CLANG_WARN_UNREACHABLE_CODE = YES;
				CLANG_WARN__DUPLICATE_METHOD_MATCH = YES;
				COPY_PHASE_STRIP = NO;
				DEBUG_INFORMATION_FORMAT = "dwarf-with-dsym";
				ENABLE_NS_ASSERTIONS = NO;
				ENABLE_STRICT_OBJC_MSGSEND = YES;
				GCC_C_LANGUAGE_STANDARD = gnu11;
				GCC_NO_COMMON_BLOCKS = YES;
				GCC_WARN_64_TO_32_BIT_CONVERSION = YES;
				GCC_WARN_ABOUT_RETURN_TYPE = YES_ERROR;
				GCC_WARN_UNDECLARED_SELECTOR = YES;
				GCC_WARN_UNINITIALIZED_AUTOS = YES_AGGRESSIVE;
				GCC_WARN_UNUSED_FUNCTION = YES;
				GCC_WARN_UNUSED_VARIABLE = YES;
				IPHONEOS_DEPLOYMENT_TARGET = 15.2;
				MTL_ENABLE_DEBUG_INFO = NO;
				MTL_FAST_MATH = YES;
				SDKROOT = iphoneos;
				SWIFT_COMPILATION_MODE = wholemodule;
				SWIFT_OPTIMIZATION_LEVEL = "-O";
				VALIDATE_PRODUCT = YES;
			};
			name = Release;
		};
		10C21E702873777E0066C494 /* Debug */ = {
			isa = XCBuildConfiguration;
			buildSettings = {
				ASSETCATALOG_COMPILER_APPICON_NAME = AppIcon;
				ASSETCATALOG_COMPILER_GLOBAL_ACCENT_COLOR_NAME = AccentColor;
				CODE_SIGN_STYLE = Automatic;
				CURRENT_PROJECT_VERSION = 1;
				GENERATE_INFOPLIST_FILE = YES;
				INFOPLIST_FILE = academyteste/Info.plist;
				INFOPLIST_KEY_UIApplicationSupportsIndirectInputEvents = YES;
				INFOPLIST_KEY_UILaunchStoryboardName = LaunchScreen;
				INFOPLIST_KEY_UIMainStoryboardFile = Main;
				INFOPLIST_KEY_UISupportedInterfaceOrientations_iPad = "UIInterfaceOrientationPortrait UIInterfaceOrientationPortraitUpsideDown UIInterfaceOrientationLandscapeLeft UIInterfaceOrientationLandscapeRight";
				INFOPLIST_KEY_UISupportedInterfaceOrientations_iPhone = "UIInterfaceOrientationPortrait UIInterfaceOrientationLandscapeLeft UIInterfaceOrientationLandscapeRight";
				LD_RUNPATH_SEARCH_PATHS = (
					"$(inherited)",
					"@executable_path/Frameworks",
				);
				MARKETING_VERSION = 1.0;
				PRODUCT_BUNDLE_IDENTIFIER = br.ufpe.cin.academy.bamcc.academyteste;
				PRODUCT_NAME = "$(TARGET_NAME)";
				SWIFT_EMIT_LOC_STRINGS = YES;
				SWIFT_VERSION = 5.0;
				TARGETED_DEVICE_FAMILY = 1;
			};
			name = Debug;
		};
		10C21E712873777E0066C494 /* Release */ = {
			isa = XCBuildConfiguration;
			buildSettings = {
				ASSETCATALOG_COMPILER_APPICON_NAME = AppIcon;
				ASSETCATALOG_COMPILER_GLOBAL_ACCENT_COLOR_NAME = AccentColor;
				CODE_SIGN_STYLE = Automatic;
				CURRENT_PROJECT_VERSION = 1;
				GENERATE_INFOPLIST_FILE = YES;
				INFOPLIST_FILE = academyteste/Info.plist;
				INFOPLIST_KEY_UIApplicationSupportsIndirectInputEvents = YES;
				INFOPLIST_KEY_UILaunchStoryboardName = LaunchScreen;
				INFOPLIST_KEY_UIMainStoryboardFile = Main;
				INFOPLIST_KEY_UISupportedInterfaceOrientations_iPad = "UIInterfaceOrientationPortrait UIInterfaceOrientationPortraitUpsideDown UIInterfaceOrientationLandscapeLeft UIInterfaceOrientationLandscapeRight";
				INFOPLIST_KEY_UISupportedInterfaceOrientations_iPhone = "UIInterfaceOrientationPortrait UIInterfaceOrientationLandscapeLeft UIInterfaceOrientationLandscapeRight";
				LD_RUNPATH_SEARCH_PATHS = (
					"$(inherited)",
					"@executable_path/Frameworks",
				);
				MARKETING_VERSION = 1.0;
				PRODUCT_BUNDLE_IDENTIFIER = br.ufpe.cin.academy.bamcc.academyteste;
				PRODUCT_NAME = "$(TARGET_NAME)";
				SWIFT_EMIT_LOC_STRINGS = YES;
				SWIFT_VERSION = 5.0;
				TARGETED_DEVICE_FAMILY = 1;
			};
			name = Release;
		};
/* End XCBuildConfiguration section */

/* Begin XCConfigurationList section */
		10C21E562873777B0066C494 /* Build configuration list for PBXProject "academyteste" */ = {
			isa = XCConfigurationList;
			buildConfigurations = (
				10C21E6D2873777E0066C494 /* Debug */,
				10C21E6E2873777E0066C494 /* Release */,
			);
			defaultConfigurationIsVisible = 0;
			defaultConfigurationName = Release;
		};
		10C21E6F2873777E0066C494 /* Build configuration list for PBXNativeTarget "academyteste" */ = {
			isa = XCConfigurationList;
			buildConfigurations = (
				10C21E702873777E0066C494 /* Debug */,
				10C21E712873777E0066C494 /* Release */,
			);
			defaultConfigurationIsVisible = 0;
			defaultConfigurationName = Release;
		};
/* End XCConfigurationList section */
	};
	rootObject = 10C21E532873777B0066C494 /* Project object */;
}
